
Microsoft Visual Studio Solution File, Format Version 12.00
# Visual Studio Version 17
VisualStudioVersion = 17.0.31903.59
MinimumVisualStudioVersion = 10.0.40219.1
Project("{9A19103F-16F7-4668-BE54-9A1E7A4F7556}") = "FluentPaginator.Lib", "FluentPaginator.Lib\FluentPaginator.Lib.csproj", "{2CABC2EA-4867-45CF-B29D-97B240BDB39A}"
EndProject
Project("{FAE04EC0-301F-11D3-BF4B-00C04F79EFBC}") = "FluentPaginator.ConsoleSample", "FluentPaginator.ConsoleSample\FluentPaginator.ConsoleSample.csproj", "{0CEF5467-5B39-4CE2-B33A-FAF921EF9A6C}"
EndProject
Project("{FAE04EC0-301F-11D3-BF4B-00C04F79EFBC}") = "FluentPaginator.Tests", "FluentPaginator.Tests\FluentPaginator.Tests.csproj", "{AE8DE7B2-0950-49FA-B46F-1A52CCAD7555}"
EndProject
Global
	GlobalSection(SolutionConfigurationPlatforms) = preSolution
		Debug|Any CPU = Debug|Any CPU
		Release|Any CPU = Release|Any CPU
	EndGlobalSection
	GlobalSection(ProjectConfigurationPlatforms) = postSolution
		{2CABC2EA-4867-45CF-B29D-97B240BDB39A}.Debug|Any CPU.ActiveCfg = Debug|Any CPU
		{2CABC2EA-4867-45CF-B29D-97B240BDB39A}.Debug|Any CPU.Build.0 = Debug|Any CPU
		{2CABC2EA-4867-45CF-B29D-97B240BDB39A}.Release|Any CPU.ActiveCfg = Release|Any CPU
		{2CABC2EA-4867-45CF-B29D-97B240BDB39A}.Release|Any CPU.Build.0 = Release|Any CPU
		{0CEF5467-5B39-4CE2-B33A-FAF921EF9A6C}.Debug|Any CPU.ActiveCfg = Debug|Any CPU
		{0CEF5467-5B39-4CE2-B33A-FAF921EF9A6C}.Debug|Any CPU.Build.0 = Debug|Any CPU
		{0CEF5467-5B39-4CE2-B33A-FAF921EF9A6C}.Release|Any CPU.ActiveCfg = Release|Any CPU
		{0CEF5467-5B39-4CE2-B33A-FAF921EF9A6C}.Release|Any CPU.Build.0 = Release|Any CPU
		{AE8DE7B2-0950-49FA-B46F-1A52CCAD7555}.Debug|Any CPU.ActiveCfg = Debug|Any CPU
		{AE8DE7B2-0950-49FA-B46F-1A52CCAD7555}.Debug|Any CPU.Build.0 = Debug|Any CPU
		{AE8DE7B2-0950-49FA-B46F-1A52CCAD7555}.Release|Any CPU.ActiveCfg = Release|Any CPU
		{AE8DE7B2-0950-49FA-B46F-1A52CCAD7555}.Release|Any CPU.Build.0 = Release|Any CPU
	EndGlobalSection
	GlobalSection(SolutionProperties) = preSolution
		HideSolutionNode = FALSE
	EndGlobalSection
	GlobalSection(ExtensibilityGlobals) = postSolution
		SolutionGuid = {060D6E38-20BD-4F8C-A18C-5CAECD23658B}
	EndGlobalSection
EndGlobal
